
Microsoft Visual Studio Solution File, Format Version 12.00
# Visual Studio Version 16
VisualStudioVersion = 16.0.30225.117
MinimumVisualStudioVersion = 10.0.40219.1
Project("{FAE04EC0-301F-11D3-BF4B-00C04F79EFBC}") = "LotteryConsoleGame", "LotteryConsoleGame\LotteryConsoleGame.csproj", "{C1827969-EE73-49A4-8472-0FEFDDAAA7BF}"
EndProject
Project("{FAE04EC0-301F-11D3-BF4B-00C04F79EFBC}") = "LotteryUnitTest", "LotteryUnitTest\LotteryUnitTest.csproj", "{3009EF1C-8045-48BA-A8ED-5C848B99295E}"
EndProject
Global
	GlobalSection(SolutionConfigurationPlatforms) = preSolution
		Debug|Any CPU = Debug|Any CPU
		Release|Any CPU = Release|Any CPU
	EndGlobalSection
	GlobalSection(ProjectConfigurationPlatforms) = postSolution
		{C1827969-EE73-49A4-8472-0FEFDDAAA7BF}.Debug|Any CPU.ActiveCfg = Debug|Any CPU
		{C1827969-EE73-49A4-8472-0FEFDDAAA7BF}.Debug|Any CPU.Build.0 = Debug|Any CPU
		{C1827969-EE73-49A4-8472-0FEFDDAAA7BF}.Release|Any CPU.ActiveCfg = Release|Any CPU
		{C1827969-EE73-49A4-8472-0FEFDDAAA7BF}.Release|Any CPU.Build.0 = Release|Any CPU
		{3009EF1C-8045-48BA-A8ED-5C848B99295E}.Debug|Any CPU.ActiveCfg = Debug|Any CPU
		{3009EF1C-8045-48BA-A8ED-5C848B99295E}.Debug|Any CPU.Build.0 = Debug|Any CPU
		{3009EF1C-8045-48BA-A8ED-5C848B99295E}.Release|Any CPU.ActiveCfg = Release|Any CPU
		{3009EF1C-8045-48BA-A8ED-5C848B99295E}.Release|Any CPU.Build.0 = Release|Any CPU
	EndGlobalSection
	GlobalSection(SolutionProperties) = preSolution
		HideSolutionNode = FALSE
	EndGlobalSection
	GlobalSection(ExtensibilityGlobals) = postSolution
		SolutionGuid = {2AB93943-5F21-40EA-A886-6C9A460936FC}
	EndGlobalSection
EndGlobal
